// !$*UTF8*$!
{
	archiveVersion = 1;
	classes = {
	};
	objectVersion = 77;
	objects = {

/* Begin PBXBuildFile section */
		C0C956EF2E9AE53F00BB33DC /* Hummingbird in Frameworks */ = {isa = PBXBuildFile; productRef = C0C956EE2E9AE53F00BB33DC /* Hummingbird */; };
		C0C956F12E9AE53F00BB33DC /* HummingbirdCore in Frameworks */ = {isa = PBXBuildFile; productRef = C0C956F02E9AE53F00BB33DC /* HummingbirdCore */; };
		C0C956F32E9AE53F00BB33DC /* HummingbirdHTTP2 in Frameworks */ = {isa = PBXBuildFile; productRef = C0C956F22E9AE53F00BB33DC /* HummingbirdHTTP2 */; };
		C0C956F52E9AE53F00BB33DC /* HummingbirdRouter in Frameworks */ = {isa = PBXBuildFile; productRef = C0C956F42E9AE53F00BB33DC /* HummingbirdRouter */; };
		C0C956F72E9AE53F00BB33DC /* HummingbirdTLS in Frameworks */ = {isa = PBXBuildFile; productRef = C0C956F62E9AE53F00BB33DC /* HummingbirdTLS */; };
/* End PBXBuildFile section */

/* Begin PBXContainerItemProxy section */
		C0C956AD2E9AC52A00BB33DC /* PBXContainerItemProxy */ = {
			isa = PBXContainerItemProxy;
			containerPortal = C0C956952E9AC52800BB33DC /* Project object */;
			proxyType = 1;
			remoteGlobalIDString = C0C9569C2E9AC52800BB33DC;
			remoteInfo = NGWebPortal;
		};
		C0C956B72E9AC52A00BB33DC /* PBXContainerItemProxy */ = {
			isa = PBXContainerItemProxy;
			containerPortal = C0C956952E9AC52800BB33DC /* Project object */;
			proxyType = 1;
			remoteGlobalIDString = C0C9569C2E9AC52800BB33DC;
			remoteInfo = NGWebPortal;
		};
/* End PBXContainerItemProxy section */

/* Begin PBXFileReference section */
		C0C9569D2E9AC52800BB33DC /* NGWebPortal.app */ = {isa = PBXFileReference; explicitFileType = wrapper.application; includeInIndex = 0; path = NGWebPortal.app; sourceTree = BUILT_PRODUCTS_DIR; };
		C0C956AC2E9AC52A00BB33DC /* NGWebPortalTests.xctest */ = {isa = PBXFileReference; explicitFileType = wrapper.cfbundle; includeInIndex = 0; path = NGWebPortalTests.xctest; sourceTree = BUILT_PRODUCTS_DIR; };
		C0C956B62E9AC52A00BB33DC /* NGWebPortalUITests.xctest */ = {isa = PBXFileReference; explicitFileType = wrapper.cfbundle; includeInIndex = 0; path = NGWebPortalUITests.xctest; sourceTree = BUILT_PRODUCTS_DIR; };
/* End PBXFileReference section */

/* Begin PBXFileSystemSynchronizedRootGroup section */
		C0C9569F2E9AC52800BB33DC /* NGWebPortal */ = {
			isa = PBXFileSystemSynchronizedRootGroup;
			path = NGWebPortal;
			sourceTree = "<group>";
		};
		C0C956AF2E9AC52A00BB33DC /* NGWebPortalTests */ = {
			isa = PBXFileSystemSynchronizedRootGroup;
			path = NGWebPortalTests;
			sourceTree = "<group>";
		};
		C0C956B92E9AC52A00BB33DC /* NGWebPortalUITests */ = {
			isa = PBXFileSystemSynchronizedRootGroup;
			path = NGWebPortalUITests;
			sourceTree = "<group>";
		};
/* End PBXFileSystemSynchronizedRootGroup section */

/* Begin PBXFrameworksBuildPhase section */
		C0C9569A2E9AC52800BB33DC /* Frameworks */ = {
			isa = PBXFrameworksBuildPhase;
			buildActionMask = 2147483647;
			files = (
				C0C956F52E9AE53F00BB33DC /* HummingbirdRouter in Frameworks */,
				C0C956F12E9AE53F00BB33DC /* HummingbirdCore in Frameworks */,
				C0C956F32E9AE53F00BB33DC /* HummingbirdHTTP2 in Frameworks */,
				C0C956EF2E9AE53F00BB33DC /* Hummingbird in Frameworks */,
				C0C956F72E9AE53F00BB33DC /* HummingbirdTLS in Frameworks */,
			);
			runOnlyForDeploymentPostprocessing = 0;
		};
		C0C956A92E9AC52A00BB33DC /* Frameworks */ = {
			isa = PBXFrameworksBuildPhase;
			buildActionMask = 2147483647;
			files = (
			);
			runOnlyForDeploymentPostprocessing = 0;
		};
		C0C956B32E9AC52A00BB33DC /* Frameworks */ = {
			isa = PBXFrameworksBuildPhase;
			buildActionMask = 2147483647;
			files = (
			);
			runOnlyForDeploymentPostprocessing = 0;
		};
/* End PBXFrameworksBuildPhase section */

/* Begin PBXGroup section */
		C0C956942E9AC52800BB33DC = {
			isa = PBXGroup;
			children = (
				C0C9569F2E9AC52800BB33DC /* NGWebPortal */,
				C0C956AF2E9AC52A00BB33DC /* NGWebPortalTests */,
				C0C956B92E9AC52A00BB33DC /* NGWebPortalUITests */,
				C0C9569E2E9AC52800BB33DC /* Products */,
			);
			sourceTree = "<group>";
		};
		C0C9569E2E9AC52800BB33DC /* Products */ = {
			isa = PBXGroup;
			children = (
				C0C9569D2E9AC52800BB33DC /* NGWebPortal.app */,
				C0C956AC2E9AC52A00BB33DC /* NGWebPortalTests.xctest */,
				C0C956B62E9AC52A00BB33DC /* NGWebPortalUITests.xctest */,
			);
			name = Products;
			sourceTree = "<group>";
		};
/* End PBXGroup section */

/* Begin PBXNativeTarget section */
		C0C9569C2E9AC52800BB33DC /* NGWebPortal */ = {
			isa = PBXNativeTarget;
			buildConfigurationList = C0C956C02E9AC52A00BB33DC /* Build configuration list for PBXNativeTarget "NGWebPortal" */;
			buildPhases = (
				C0C956992E9AC52800BB33DC /* Sources */,
				C0C9569A2E9AC52800BB33DC /* Frameworks */,
				C0C9569B2E9AC52800BB33DC /* Resources */,
			);
			buildRules = (
			);
			dependencies = (
			);
			fileSystemSynchronizedGroups = (
				C0C9569F2E9AC52800BB33DC /* NGWebPortal */,
			);
			name = NGWebPortal;
			packageProductDependencies = (
				C0C956EE2E9AE53F00BB33DC /* Hummingbird */,
				C0C956F02E9AE53F00BB33DC /* HummingbirdCore */,
				C0C956F22E9AE53F00BB33DC /* HummingbirdHTTP2 */,
				C0C956F42E9AE53F00BB33DC /* HummingbirdRouter */,
				C0C956F62E9AE53F00BB33DC /* HummingbirdTLS */,
			);
			productName = NGWebPortal;
			productReference = C0C9569D2E9AC52800BB33DC /* NGWebPortal.app */;
			productType = "com.apple.product-type.application";
		};
		C0C956AB2E9AC52A00BB33DC /* NGWebPortalTests */ = {
			isa = PBXNativeTarget;
			buildConfigurationList = C0C956C32E9AC52A00BB33DC /* Build configuration list for PBXNativeTarget "NGWebPortalTests" */;
			buildPhases = (
				C0C956A82E9AC52A00BB33DC /* Sources */,
				C0C956A92E9AC52A00BB33DC /* Frameworks */,
				C0C956AA2E9AC52A00BB33DC /* Resources */,
			);
			buildRules = (
			);
			dependencies = (
				C0C956AE2E9AC52A00BB33DC /* PBXTargetDependency */,
			);
			fileSystemSynchronizedGroups = (
				C0C956AF2E9AC52A00BB33DC /* NGWebPortalTests */,
			);
			name = NGWebPortalTests;
			packageProductDependencies = (
			);
			productName = NGWebPortalTests;
			productReference = C0C956AC2E9AC52A00BB33DC /* NGWebPortalTests.xctest */;
			productType = "com.apple.product-type.bundle.unit-test";
		};
		C0C956B52E9AC52A00BB33DC /* NGWebPortalUITests */ = {
			isa = PBXNativeTarget;
			buildConfigurationList = C0C956C62E9AC52A00BB33DC /* Build configuration list for PBXNativeTarget "NGWebPortalUITests" */;
			buildPhases = (
				C0C956B22E9AC52A00BB33DC /* Sources */,
				C0C956B32E9AC52A00BB33DC /* Frameworks */,
				C0C956B42E9AC52A00BB33DC /* Resources */,
			);
			buildRules = (
			);
			dependencies = (
				C0C956B82E9AC52A00BB33DC /* PBXTargetDependency */,
			);
			fileSystemSynchronizedGroups = (
				C0C956B92E9AC52A00BB33DC /* NGWebPortalUITests */,
			);
			name = NGWebPortalUITests;
			packageProductDependencies = (
			);
			productName = NGWebPortalUITests;
			productReference = C0C956B62E9AC52A00BB33DC /* NGWebPortalUITests.xctest */;
			productType = "com.apple.product-type.bundle.ui-testing";
		};
/* End PBXNativeTarget section */

/* Begin PBXProject section */
		C0C956952E9AC52800BB33DC /* Project object */ = {
			isa = PBXProject;
			attributes = {
				BuildIndependentTargetsInParallel = 1;
				LastSwiftUpdateCheck = 2600;
				LastUpgradeCheck = 2600;
				TargetAttributes = {
					C0C9569C2E9AC52800BB33DC = {
						CreatedOnToolsVersion = 26.0;
					};
					C0C956AB2E9AC52A00BB33DC = {
						CreatedOnToolsVersion = 26.0;
						TestTargetID = C0C9569C2E9AC52800BB33DC;
					};
					C0C956B52E9AC52A00BB33DC = {
						CreatedOnToolsVersion = 26.0;
						TestTargetID = C0C9569C2E9AC52800BB33DC;
					};
				};
			};
			buildConfigurationList = C0C956982E9AC52800BB33DC /* Build configuration list for PBXProject "NGWebPortal" */;
			developmentRegion = en;
			hasScannedForEncodings = 0;
			knownRegions = (
				en,
				Base,
			);
			mainGroup = C0C956942E9AC52800BB33DC;
			minimizedProjectReferenceProxies = 1;
			packageReferences = (
				C0C956ED2E9AE53F00BB33DC /* XCRemoteSwiftPackageReference "hummingbird" */,
			);
			preferredProjectObjectVersion = 77;
			productRefGroup = C0C9569E2E9AC52800BB33DC /* Products */;
			projectDirPath = "";
			projectRoot = "";
			targets = (
				C0C9569C2E9AC52800BB33DC /* NGWebPortal */,
				C0C956AB2E9AC52A00BB33DC /* NGWebPortalTests */,
				C0C956B52E9AC52A00BB33DC /* NGWebPortalUITests */,
			);
		};
/* End PBXProject section */

/* Begin PBXResourcesBuildPhase section */
		C0C9569B2E9AC52800BB33DC /* Resources */ = {
			isa = PBXResourcesBuildPhase;
			buildActionMask = 2147483647;
			files = (
			);
			runOnlyForDeploymentPostprocessing = 0;
		};
		C0C956AA2E9AC52A00BB33DC /* Resources */ = {
			isa = PBXResourcesBuildPhase;
			buildActionMask = 2147483647;
			files = (
			);
			runOnlyForDeploymentPostprocessing = 0;
		};
		C0C956B42E9AC52A00BB33DC /* Resources */ = {
			isa = PBXResourcesBuildPhase;
			buildActionMask = 2147483647;
			files = (
			);
			runOnlyForDeploymentPostprocessing = 0;
		};
/* End PBXResourcesBuildPhase section */

/* Begin PBXSourcesBuildPhase section */
		C0C956992E9AC52800BB33DC /* Sources */ = {
			isa = PBXSourcesBuildPhase;
			buildActionMask = 2147483647;
			files = (
			);
			runOnlyForDeploymentPostprocessing = 0;
		};
		C0C956A82E9AC52A00BB33DC /* Sources */ = {
			isa = PBXSourcesBuildPhase;
			buildActionMask = 2147483647;
			files = (
			);
			runOnlyForDeploymentPostprocessing = 0;
		};
		C0C956B22E9AC52A00BB33DC /* Sources */ = {
			isa = PBXSourcesBuildPhase;
			buildActionMask = 2147483647;
			files = (
			);
			runOnlyForDeploymentPostprocessing = 0;
		};
/* End PBXSourcesBuildPhase section */

/* Begin PBXTargetDependency section */
		C0C956AE2E9AC52A00BB33DC /* PBXTargetDependency */ = {
			isa = PBXTargetDependency;
			target = C0C9569C2E9AC52800BB33DC /* NGWebPortal */;
			targetProxy = C0C956AD2E9AC52A00BB33DC /* PBXContainerItemProxy */;
		};
		C0C956B82E9AC52A00BB33DC /* PBXTargetDependency */ = {
			isa = PBXTargetDependency;
			target = C0C9569C2E9AC52800BB33DC /* NGWebPortal */;
			targetProxy = C0C956B72E9AC52A00BB33DC /* PBXContainerItemProxy */;
		};
/* End PBXTargetDependency section */

/* Begin XCBuildConfiguration section */
		C0C956BE2E9AC52A00BB33DC /* Debug */ = {
			isa = XCBuildConfiguration;
			buildSettings = {
				ALWAYS_SEARCH_USER_PATHS = NO;
				ASSETCATALOG_COMPILER_GENERATE_SWIFT_ASSET_SYMBOL_EXTENSIONS = YES;
				CLANG_ANALYZER_NONNULL = YES;
				CLANG_ANALYZER_NUMBER_OBJECT_CONVERSION = YES_AGGRESSIVE;
				CLANG_CXX_LANGUAGE_STANDARD = "gnu++20";
				CLANG_ENABLE_MODULES = YES;
				CLANG_ENABLE_OBJC_ARC = YES;
				CLANG_ENABLE_OBJC_WEAK = YES;
				CLANG_WARN_BLOCK_CAPTURE_AUTORELEASING = YES;
				CLANG_WARN_BOOL_CONVERSION = YES;
				CLANG_WARN_COMMA = YES;
				CLANG_WARN_CONSTANT_CONVERSION = YES;
				CLANG_WARN_DEPRECATED_OBJC_IMPLEMENTATIONS = YES;
				CLANG_WARN_DIRECT_OBJC_ISA_USAGE = YES_ERROR;
				CLANG_WARN_DOCUMENTATION_COMMENTS = YES;
				CLANG_WARN_EMPTY_BODY = YES;
				CLANG_WARN_ENUM_CONVERSION = YES;
				CLANG_WARN_INFINITE_RECURSION = YES;
				CLANG_WARN_INT_CONVERSION = YES;
				CLANG_WARN_NON_LITERAL_NULL_CONVERSION = YES;
				CLANG_WARN_OBJC_IMPLICIT_RETAIN_SELF = YES;
				CLANG_WARN_OBJC_LITERAL_CONVERSION = YES;
				CLANG_WARN_OBJC_ROOT_CLASS = YES_ERROR;
				CLANG_WARN_QUOTED_INCLUDE_IN_FRAMEWORK_HEADER = YES;
				CLANG_WARN_RANGE_LOOP_ANALYSIS = YES;
				CLANG_WARN_STRICT_PROTOTYPES = YES;
				CLANG_WARN_SUSPICIOUS_MOVE = YES;
				CLANG_WARN_UNGUARDED_AVAILABILITY = YES_AGGRESSIVE;
				CLANG_WARN_UNREACHABLE_CODE = YES;
				CLANG_WARN__DUPLICATE_METHOD_MATCH = YES;
				COPY_PHASE_STRIP = NO;
				DEBUG_INFORMATION_FORMAT = dwarf;
				DEVELOPMENT_TEAM = 3X3F6UJ44H;
				ENABLE_STRICT_OBJC_MSGSEND = YES;
				ENABLE_TESTABILITY = YES;
				ENABLE_USER_SCRIPT_SANDBOXING = YES;
				GCC_C_LANGUAGE_STANDARD = gnu17;
				GCC_DYNAMIC_NO_PIC = NO;
				GCC_NO_COMMON_BLOCKS = YES;
				GCC_OPTIMIZATION_LEVEL = 0;
				GCC_PREPROCESSOR_DEFINITIONS = (
					"DEBUG=1",
					"$(inherited)",
				);
				GCC_WARN_64_TO_32_BIT_CONVERSION = YES;
				GCC_WARN_ABOUT_RETURN_TYPE = YES_ERROR;
				GCC_WARN_UNDECLARED_SELECTOR = YES;
				GCC_WARN_UNINITIALIZED_AUTOS = YES_AGGRESSIVE;
				GCC_WARN_UNUSED_FUNCTION = YES;
				GCC_WARN_UNUSED_VARIABLE = YES;
				LOCALIZATION_PREFERS_STRING_CATALOGS = YES;
				MACOSX_DEPLOYMENT_TARGET = 26.0;
				MTL_ENABLE_DEBUG_INFO = INCLUDE_SOURCE;
				MTL_FAST_MATH = YES;
				ONLY_ACTIVE_ARCH = YES;
				SDKROOT = macosx;
				SWIFT_ACTIVE_COMPILATION_CONDITIONS = "DEBUG $(inherited)";
				SWIFT_OPTIMIZATION_LEVEL = "-Onone";
			};
			name = Debug;
		};
		C0C956BF2E9AC52A00BB33DC /* Release */ = {
			isa = XCBuildConfiguration;
			buildSettings = {
				ALWAYS_SEARCH_USER_PATHS = NO;
				ASSETCATALOG_COMPILER_GENERATE_SWIFT_ASSET_SYMBOL_EXTENSIONS = YES;
				CLANG_ANALYZER_NONNULL = YES;
				CLANG_ANALYZER_NUMBER_OBJECT_CONVERSION = YES_AGGRESSIVE;
				CLANG_CXX_LANGUAGE_STANDARD = "gnu++20";
				CLANG_ENABLE_MODULES = YES;
				CLANG_ENABLE_OBJC_ARC = YES;
				CLANG_ENABLE_OBJC_WEAK = YES;
				CLANG_WARN_BLOCK_CAPTURE_AUTORELEASING = YES;
				CLANG_WARN_BOOL_CONVERSION = YES;
				CLANG_WARN_COMMA = YES;
				CLANG_WARN_CONSTANT_CONVERSION = YES;
				CLANG_WARN_DEPRECATED_OBJC_IMPLEMENTATIONS = YES;
				CLANG_WARN_DIRECT_OBJC_ISA_USAGE = YES_ERROR;
				CLANG_WARN_DOCUMENTATION_COMMENTS = YES;
				CLANG_WARN_EMPTY_BODY = YES;
				CLANG_WARN_ENUM_CONVERSION = YES;
				CLANG_WARN_INFINITE_RECURSION = YES;
				CLANG_WARN_INT_CONVERSION = YES;
				CLANG_WARN_NON_LITERAL_NULL_CONVERSION = YES;
				CLANG_WARN_OBJC_IMPLICIT_RETAIN_SELF = YES;
				CLANG_WARN_OBJC_LITERAL_CONVERSION = YES;
				CLANG_WARN_OBJC_ROOT_CLASS = YES_ERROR;
				CLANG_WARN_QUOTED_INCLUDE_IN_FRAMEWORK_HEADER = YES;
				CLANG_WARN_RANGE_LOOP_ANALYSIS = YES;
				CLANG_WARN_STRICT_PROTOTYPES = YES;
				CLANG_WARN_SUSPICIOUS_MOVE = YES;
				CLANG_WARN_UNGUARDED_AVAILABILITY = YES_AGGRESSIVE;
				CLANG_WARN_UNREACHABLE_CODE = YES;
				CLANG_WARN__DUPLICATE_METHOD_MATCH = YES;
				COPY_PHASE_STRIP = NO;
				DEBUG_INFORMATION_FORMAT = "dwarf-with-dsym";
				DEVELOPMENT_TEAM = 3X3F6UJ44H;
				ENABLE_NS_ASSERTIONS = NO;
				ENABLE_STRICT_OBJC_MSGSEND = YES;
				ENABLE_USER_SCRIPT_SANDBOXING = YES;
				GCC_C_LANGUAGE_STANDARD = gnu17;
				GCC_NO_COMMON_BLOCKS = YES;
				GCC_WARN_64_TO_32_BIT_CONVERSION = YES;
				GCC_WARN_ABOUT_RETURN_TYPE = YES_ERROR;
				GCC_WARN_UNDECLARED_SELECTOR = YES;
				GCC_WARN_UNINITIALIZED_AUTOS = YES_AGGRESSIVE;
				GCC_WARN_UNUSED_FUNCTION = YES;
				GCC_WARN_UNUSED_VARIABLE = YES;
				LOCALIZATION_PREFERS_STRING_CATALOGS = YES;
				MACOSX_DEPLOYMENT_TARGET = 26.0;
				MTL_ENABLE_DEBUG_INFO = NO;
				MTL_FAST_MATH = YES;
				SDKROOT = macosx;
				SWIFT_COMPILATION_MODE = wholemodule;
			};
			name = Release;
		};
		C0C956C12E9AC52A00BB33DC /* Debug */ = {
			isa = XCBuildConfiguration;
			buildSettings = {
				ASSETCATALOG_COMPILER_APPICON_NAME = AppIcon;
				ASSETCATALOG_COMPILER_GLOBAL_ACCENT_COLOR_NAME = AccentColor;
				CODE_SIGN_STYLE = Automatic;
				COMBINE_HIDPI_IMAGES = YES;
				CURRENT_PROJECT_VERSION = 1;
				DEVELOPMENT_TEAM = 3X3F6UJ44H;
				ENABLE_APP_SANDBOX = YES;
				ENABLE_HARDENED_RUNTIME = YES;
				ENABLE_PREVIEWS = YES;
				ENABLE_USER_SELECTED_FILES = readonly;
				GENERATE_INFOPLIST_FILE = YES;
				INFOPLIST_KEY_NSHumanReadableCopyright = "";
				LD_RUNPATH_SEARCH_PATHS = (
					"$(inherited)",
					"@executable_path/../Frameworks",
				);
				MARKETING_VERSION = 26.0;
				PRODUCT_BUNDLE_IDENTIFIER = com.NightGard.NGWebPortal;
				PRODUCT_NAME = "$(TARGET_NAME)";
				REGISTER_APP_GROUPS = YES;
				STRING_CATALOG_GENERATE_SYMBOLS = YES;
				SWIFT_APPROACHABLE_CONCURRENCY = YES;
				SWIFT_DEFAULT_ACTOR_ISOLATION = MainActor;
				SWIFT_EMIT_LOC_STRINGS = YES;
				SWIFT_UPCOMING_FEATURE_MEMBER_IMPORT_VISIBILITY = YES;
				SWIFT_VERSION = 5.0;
			};
			name = Debug;
		};
		C0C956C22E9AC52A00BB33DC /* Release */ = {
			isa = XCBuildConfiguration;
			buildSettings = {
				ASSETCATALOG_COMPILER_APPICON_NAME = AppIcon;
				ASSETCATALOG_COMPILER_GLOBAL_ACCENT_COLOR_NAME = AccentColor;
				CODE_SIGN_STYLE = Automatic;
				COMBINE_HIDPI_IMAGES = YES;
				CURRENT_PROJECT_VERSION = 1;
				DEVELOPMENT_TEAM = 3X3F6UJ44H;
				ENABLE_APP_SANDBOX = YES;
				ENABLE_HARDENED_RUNTIME = YES;
				ENABLE_PREVIEWS = YES;
				ENABLE_USER_SELECTED_FILES = readonly;
				GENERATE_INFOPLIST_FILE = YES;
				INFOPLIST_KEY_NSHumanReadableCopyright = "";
				LD_RUNPATH_SEARCH_PATHS = (
					"$(inherited)",
					"@executable_path/../Frameworks",
				);
				MARKETING_VERSION = 26.0;
				PRODUCT_BUNDLE_IDENTIFIER = com.NightGard.NGWebPortal;
				PRODUCT_NAME = "$(TARGET_NAME)";
				REGISTER_APP_GROUPS = YES;
				STRING_CATALOG_GENERATE_SYMBOLS = YES;
				SWIFT_APPROACHABLE_CONCURRENCY = YES;
				SWIFT_DEFAULT_ACTOR_ISOLATION = MainActor;
				SWIFT_EMIT_LOC_STRINGS = YES;
				SWIFT_UPCOMING_FEATURE_MEMBER_IMPORT_VISIBILITY = YES;
				SWIFT_VERSION = 5.0;
			};
			name = Release;
		};
		C0C956C42E9AC52A00BB33DC /* Debug */ = {
			isa = XCBuildConfiguration;
			buildSettings = {
				BUNDLE_LOADER = "$(TEST_HOST)";
				CODE_SIGN_STYLE = Automatic;
				CURRENT_PROJECT_VERSION = 1;
				DEVELOPMENT_TEAM = 3X3F6UJ44H;
				GENERATE_INFOPLIST_FILE = YES;
				MACOSX_DEPLOYMENT_TARGET = 26.0;
				MARKETING_VERSION = 1.0;
				PRODUCT_BUNDLE_IDENTIFIER = com.NightGard.NGWebPortalTests;
				PRODUCT_NAME = "$(TARGET_NAME)";
				STRING_CATALOG_GENERATE_SYMBOLS = NO;
				SWIFT_APPROACHABLE_CONCURRENCY = YES;
				SWIFT_EMIT_LOC_STRINGS = NO;
				SWIFT_UPCOMING_FEATURE_MEMBER_IMPORT_VISIBILITY = YES;
				SWIFT_VERSION = 5.0;
				TEST_HOST = "$(BUILT_PRODUCTS_DIR)/NGWebPortal.app/$(BUNDLE_EXECUTABLE_FOLDER_PATH)/NGWebPortal";
			};
			name = Debug;
		};
		C0C956C52E9AC52A00BB33DC /* Release */ = {
			isa = XCBuildConfiguration;
			buildSettings = {
				BUNDLE_LOADER = "$(TEST_HOST)";
				CODE_SIGN_STYLE = Automatic;
				CURRENT_PROJECT_VERSION = 1;
				DEVELOPMENT_TEAM = 3X3F6UJ44H;
				GENERATE_INFOPLIST_FILE = YES;
				MACOSX_DEPLOYMENT_TARGET = 26.0;
				MARKETING_VERSION = 1.0;
				PRODUCT_BUNDLE_IDENTIFIER = com.NightGard.NGWebPortalTests;
				PRODUCT_NAME = "$(TARGET_NAME)";
				STRING_CATALOG_GENERATE_SYMBOLS = NO;
				SWIFT_APPROACHABLE_CONCURRENCY = YES;
				SWIFT_EMIT_LOC_STRINGS = NO;
				SWIFT_UPCOMING_FEATURE_MEMBER_IMPORT_VISIBILITY = YES;
				SWIFT_VERSION = 5.0;
				TEST_HOST = "$(BUILT_PRODUCTS_DIR)/NGWebPortal.app/$(BUNDLE_EXECUTABLE_FOLDER_PATH)/NGWebPortal";
			};
			name = Release;
		};
		C0C956C72E9AC52A00BB33DC /* Debug */ = {
			isa = XCBuildConfiguration;
			buildSettings = {
				CODE_SIGN_STYLE = Automatic;
				CURRENT_PROJECT_VERSION = 1;
				DEVELOPMENT_TEAM = 3X3F6UJ44H;
				GENERATE_INFOPLIST_FILE = YES;
				MARKETING_VERSION = 1.0;
				PRODUCT_BUNDLE_IDENTIFIER = com.NightGard.NGWebPortalUITests;
				PRODUCT_NAME = "$(TARGET_NAME)";
				STRING_CATALOG_GENERATE_SYMBOLS = NO;
				SWIFT_APPROACHABLE_CONCURRENCY = YES;
				SWIFT_EMIT_LOC_STRINGS = NO;
				SWIFT_UPCOMING_FEATURE_MEMBER_IMPORT_VISIBILITY = YES;
				SWIFT_VERSION = 5.0;
				TEST_TARGET_NAME = NGWebPortal;
			};
			name = Debug;
		};
		C0C956C82E9AC52A00BB33DC /* Release */ = {
			isa = XCBuildConfiguration;
			buildSettings = {
				CODE_SIGN_STYLE = Automatic;
				CURRENT_PROJECT_VERSION = 1;
				DEVELOPMENT_TEAM = 3X3F6UJ44H;
				GENERATE_INFOPLIST_FILE = YES;
				MARKETING_VERSION = 1.0;
				PRODUCT_BUNDLE_IDENTIFIER = com.NightGard.NGWebPortalUITests;
				PRODUCT_NAME = "$(TARGET_NAME)";
				STRING_CATALOG_GENERATE_SYMBOLS = NO;
				SWIFT_APPROACHABLE_CONCURRENCY = YES;
				SWIFT_EMIT_LOC_STRINGS = NO;
				SWIFT_UPCOMING_FEATURE_MEMBER_IMPORT_VISIBILITY = YES;
				SWIFT_VERSION = 5.0;
				TEST_TARGET_NAME = NGWebPortal;
			};
			name = Release;
		};
/* End XCBuildConfiguration section */

/* Begin XCConfigurationList section */
		C0C956982E9AC52800BB33DC /* Build configuration list for PBXProject "NGWebPortal" */ = {
			isa = XCConfigurationList;
			buildConfigurations = (
				C0C956BE2E9AC52A00BB33DC /* Debug */,
				C0C956BF2E9AC52A00BB33DC /* Release */,
			);
			defaultConfigurationIsVisible = 0;
			defaultConfigurationName = Release;
		};
		C0C956C02E9AC52A00BB33DC /* Build configuration list for PBXNativeTarget "NGWebPortal" */ = {
			isa = XCConfigurationList;
			buildConfigurations = (
				C0C956C12E9AC52A00BB33DC /* Debug */,
				C0C956C22E9AC52A00BB33DC /* Release */,
			);
			defaultConfigurationIsVisible = 0;
			defaultConfigurationName = Release;
		};
		C0C956C32E9AC52A00BB33DC /* Build configuration list for PBXNativeTarget "NGWebPortalTests" */ = {
			isa = XCConfigurationList;
			buildConfigurations = (
				C0C956C42E9AC52A00BB33DC /* Debug */,
				C0C956C52E9AC52A00BB33DC /* Release */,
			);
			defaultConfigurationIsVisible = 0;
			defaultConfigurationName = Release;
		};
		C0C956C62E9AC52A00BB33DC /* Build configuration list for PBXNativeTarget "NGWebPortalUITests" */ = {
			isa = XCConfigurationList;
			buildConfigurations = (
				C0C956C72E9AC52A00BB33DC /* Debug */,
				C0C956C82E9AC52A00BB33DC /* Release */,
			);
			defaultConfigurationIsVisible = 0;
			defaultConfigurationName = Release;
		};
/* End XCConfigurationList section */

/* Begin XCRemoteSwiftPackageReference section */
		C0C956ED2E9AE53F00BB33DC /* XCRemoteSwiftPackageReference "hummingbird" */ = {
			isa = XCRemoteSwiftPackageReference;
			repositoryURL = "https://github.com/hummingbird-project/hummingbird";
			requirement = {
				kind = upToNextMajorVersion;
				minimumVersion = 2.16.0;
			};
		};
/* End XCRemoteSwiftPackageReference section */

/* Begin XCSwiftPackageProductDependency section */
		C0C956EE2E9AE53F00BB33DC /* Hummingbird */ = {
			isa = XCSwiftPackageProductDependency;
			package = C0C956ED2E9AE53F00BB33DC /* XCRemoteSwiftPackageReference "hummingbird" */;
			productName = Hummingbird;
		};
		C0C956F02E9AE53F00BB33DC /* HummingbirdCore */ = {
			isa = XCSwiftPackageProductDependency;
			package = C0C956ED2E9AE53F00BB33DC /* XCRemoteSwiftPackageReference "hummingbird" */;
			productName = HummingbirdCore;
		};
		C0C956F22E9AE53F00BB33DC /* HummingbirdHTTP2 */ = {
			isa = XCSwiftPackageProductDependency;
			package = C0C956ED2E9AE53F00BB33DC /* XCRemoteSwiftPackageReference "hummingbird" */;
			productName = HummingbirdHTTP2;
		};
		C0C956F42E9AE53F00BB33DC /* HummingbirdRouter */ = {
			isa = XCSwiftPackageProductDependency;
			package = C0C956ED2E9AE53F00BB33DC /* XCRemoteSwiftPackageReference "hummingbird" */;
			productName = HummingbirdRouter;
		};
		C0C956F62E9AE53F00BB33DC /* HummingbirdTLS */ = {
			isa = XCSwiftPackageProductDependency;
			package = C0C956ED2E9AE53F00BB33DC /* XCRemoteSwiftPackageReference "hummingbird" */;
			productName = HummingbirdTLS;
		};
/* End XCSwiftPackageProductDependency section */
	};
	rootObject = C0C956952E9AC52800BB33DC /* Project object */;
}
